
Microsoft Visual Studio Solution File, Format Version 12.00
# Visual Studio Version 16
VisualStudioVersion = 16.0.810.8
MinimumVisualStudioVersion = 10.0.40219.1
Project("{FAE04EC0-301F-11D3-BF4B-00C04F79EFBC}") = "ApiEmpleadosCore", "ApiEmpleadosCore\ApiEmpleadosCore.csproj", "{CDD36758-EB87-4CE7-A0D9-677F19A76C84}"
EndProject
Global
	GlobalSection(SolutionConfigurationPlatforms) = preSolution
		Debug|Any CPU = Debug|Any CPU
		Release|Any CPU = Release|Any CPU
	EndGlobalSection
	GlobalSection(ProjectConfigurationPlatforms) = postSolution
		{CDD36758-EB87-4CE7-A0D9-677F19A76C84}.Debug|Any CPU.ActiveCfg = Debug|Any CPU
		{CDD36758-EB87-4CE7-A0D9-677F19A76C84}.Debug|Any CPU.Build.0 = Debug|Any CPU
		{CDD36758-EB87-4CE7-A0D9-677F19A76C84}.Release|Any CPU.ActiveCfg = Release|Any CPU
		{CDD36758-EB87-4CE7-A0D9-677F19A76C84}.Release|Any CPU.Build.0 = Release|Any CPU
	EndGlobalSection
	GlobalSection(SolutionProperties) = preSolution
		HideSolutionNode = FALSE
	EndGlobalSection
	GlobalSection(ExtensibilityGlobals) = postSolution
		SolutionGuid = {7626AC1C-4E0B-49A8-B40D-054964EAE568}
	EndGlobalSection
EndGlobal
